{
  "name": "tree-sitter-apt-config",
  "version": "0.0.1",
  "lockfileVersion": 3,
  "requires": true,
  "packages": {
    "": {
      "name": "tree-sitter-apt-config",
      "version": "0.0.1",
      "license": "MIT",
      "devDependencies": {
        "tree-sitter-cli": "^0.26.8"
      }
    },
    "node_modules/tree-sitter-cli": {
      "version": "0.26.12",
      "resolved": "https://registry.npmjs.org/tree-sitter-cli/-/tree-sitter-cli-0.26.12.tgz",
      "integrity": "sha512-rIdMAm6nv75MVFoZ7UTaLVB1OG5h3ZSlCZEp5pne4gOUTalJIkL0A1NlYBg0oEl/d7gvIyc2Y5Jz8m5Xj+NOEw==",
      "dev": true,
      "hasInstallScript": true,
      "license": "MIT",
      "bin": {
        "tree-sitter": "cli.js"
      },
      "engines": {
        "node": ">=12.0.0"
      }
    }
  }
}
